
Microsoft Visual Studio Solution File, Format Version 12.00
# Visual Studio Version 16
VisualStudioVersion = 16.0.30804.86
MinimumVisualStudioVersion = 10.0.40219.1
Project("{FAE04EC0-301F-11D3-BF4B-00C04F79EFBC}") = "SessionTraining", "SessionTraining\SessionTraining.csproj", "{CE688B9E-23F2-4697-9C94-AF0A8DBDD23A}"
EndProject
Global
	GlobalSection(SolutionConfigurationPlatforms) = preSolution
		Debug|Any CPU = Debug|Any CPU
		Release|Any CPU = Release|Any CPU
	EndGlobalSection
	GlobalSection(ProjectConfigurationPlatforms) = postSolution
		{CE688B9E-23F2-4697-9C94-AF0A8DBDD23A}.Debug|Any CPU.ActiveCfg = Debug|Any CPU
		{CE688B9E-23F2-4697-9C94-AF0A8DBDD23A}.Debug|Any CPU.Build.0 = Debug|Any CPU
		{CE688B9E-23F2-4697-9C94-AF0A8DBDD23A}.Release|Any CPU.ActiveCfg = Release|Any CPU
		{CE688B9E-23F2-4697-9C94-AF0A8DBDD23A}.Release|Any CPU.Build.0 = Release|Any CPU
	EndGlobalSection
	GlobalSection(SolutionProperties) = preSolution
		HideSolutionNode = FALSE
	EndGlobalSection
	GlobalSection(ExtensibilityGlobals) = postSolution
		SolutionGuid = {294CB349-AD11-4407-9CE1-9A9494C75C8F}
	EndGlobalSection
EndGlobal
